Microsoft Visual Studio Solution File, Format Version 12.00
# Visual Studio Version 17
VisualStudioVersion = 17.0.31903.59
MinimumVisualStudioVersion = 10.0.40219.1
Project("{FAE04EC0-301F-11D3-BF4B-00C04F79EFBC}") = "CoffeeMachineApi", "src\CoffeeMachineApi\CoffeeMachineApi.csproj", "{B1A91C9A-4F6B-4A2E-9C3A-111111111111}"
EndProject
Project("{FAE04EC0-301F-11D3-BF4B-00C04F79EFBC}") = "CoffeMachineApi.Test", "CoffeMachineApi.Test\CoffeMachineApi.Test.csproj", "{99120CDF-C981-F5B6-95B3-4E0CD1C5B4C6}"
EndProject
Global
	GlobalSection(SolutionConfigurationPlatforms) = preSolution
		Debug|Any CPU = Debug|Any CPU
		Release|Any CPU = Release|Any CPU
	EndGlobalSection
	GlobalSection(ProjectConfigurationPlatforms) = postSolution
		{B1A91C9A-4F6B-4A2E-9C3A-111111111111}.Debug|Any CPU.ActiveCfg = Debug|Any CPU
		{B1A91C9A-4F6B-4A2E-9C3A-111111111111}.Debug|Any CPU.Build.0 = Debug|Any CPU
		{B1A91C9A-4F6B-4A2E-9C3A-111111111111}.Release|Any CPU.ActiveCfg = Release|Any CPU
		{B1A91C9A-4F6B-4A2E-9C3A-111111111111}.Release|Any CPU.Build.0 = Release|Any CPU
		{99120CDF-C981-F5B6-95B3-4E0CD1C5B4C6}.Debug|Any CPU.ActiveCfg = Debug|Any CPU
		{99120CDF-C981-F5B6-95B3-4E0CD1C5B4C6}.Debug|Any CPU.Build.0 = Debug|Any CPU
		{99120CDF-C981-F5B6-95B3-4E0CD1C5B4C6}.Release|Any CPU.ActiveCfg = Release|Any CPU
		{99120CDF-C981-F5B6-95B3-4E0CD1C5B4C6}.Release|Any CPU.Build.0 = Release|Any CPU
	EndGlobalSection
	GlobalSection(SolutionProperties) = preSolution
		HideSolutionNode = FALSE
	EndGlobalSection
	GlobalSection(ExtensibilityGlobals) = postSolution
		SolutionGuid = {785441D0-600D-440F-9F4E-29C409A9C31B}
	EndGlobalSection
EndGlobal
